{
  "lockfile_version": "1",
  "packages": {
    "act@latest": {
      "last_modified": "2025-02-16T09:28:34Z",
      "resolved": "github:NixOS/nixpkgs/b1b43d32be000928cc71250ed77f4a0a5f2bc23a#act",
      "source": "devbox-search",
      "version": "0.2.74",
      "systems": {
        "aarch64-darwin": {
          "outputs": [
            {
              "name": "out",
              "path": "/nix/store/qr4rayifhcjqrga4y5cdz8zxm9r3qjny-act-0.2.74",
              "default": true
            }
          ],
          "store_path": "/nix/store/qr4rayifhcjqrga4y5cdz8zxm9r3qjny-act-0.2.74"
        },
        "aarch64-linux": {
          "outputs": [
            {
              "name": "out",
              "path": "/nix/store/xn5byyqpzl8ar9al6d6l7zvs6i35z72m-act-0.2.74",
              "default": true
            }
          ],
          "store_path": "/nix/store/xn5byyqpzl8ar9al6d6l7zvs6i35z72m-act-0.2.74"
        },
        "x86_64-darwin": {
          "outputs": [
            {
              "name": "out",
              "path": "/nix/store/7mlzpsqzx34v7ymf9nbdpsv8v7kndjcq-act-0.2.74",
              "default": true
            }
          ],
          "store_path": "/nix/store/7mlzpsqzx34v7ymf9nbdpsv8v7kndjcq-act-0.2.74"
        },
        "x86_64-linux": {
          "outputs": [
            {
              "name": "out",
              "path": "/nix/store/x6vas4fnkabdq7767h7n4yvl0s38nx2w-act-0.2.74",
              "default": true
            }
          ],
          "store_path": "/nix/store/x6vas4fnkabdq7767h7n4yvl0s38nx2w-act-0.2.74"
        }
      }
    },
    "just@latest": {
      "last_modified": "2025-02-20T02:45:56Z",
      "resolved": "github:NixOS/nixpkgs/dad564433178067be1fbdfcce23b546254b6d641#just",
      "source": "devbox-search",
      "version": "1.39.0",
      "systems": {
        "aarch64-darwin": {
          "outputs": [
            {
              "name": "out",
              "path": "/nix/store/i7apaf6fa4aswha9xs45jdil3wn038vq-just-1.39.0",
              "default": true
            },
            {
              "name": "man",
              "path": "/nix/store/27f6bblm28j80c2xbc75j72fl4anbyxm-just-1.39.0-man",
              "default": true
            },
            {
              "name": "doc",
              "path": "/nix/store/13ixl7w80ymwqc3ykd8wgccjqcf12cdm-just-1.39.0-doc"
            }
          ],
          "store_path": "/nix/store/i7apaf6fa4aswha9xs45jdil3wn038vq-just-1.39.0"
        },
        "aarch64-linux": {
          "outputs": [
            {
              "name": "out",
              "path": "/nix/store/j4kprcvca7f41m3rv1134qmbksiqx31n-just-1.39.0",
              "default": true
            },
            {
              "name": "man",
              "path": "/nix/store/6mvjzbbn5nn2nwyf2dxzlkh22x5s3lvh-just-1.39.0-man",
              "default": true
            },
            {
              "name": "doc",
              "path": "/nix/store/rskm7r6g0rri3lv93xrs3vnmm48jf7rf-just-1.39.0-doc"
            }
          ],
          "store_path": "/nix/store/j4kprcvca7f41m3rv1134qmbksiqx31n-just-1.39.0"
        },
        "x86_64-darwin": {
          "outputs": [
            {
              "name": "out",
              "path": "/nix/store/blzi4k9jab89qd502pqd2vl5zihiv510-just-1.39.0",
              "default": true
            },
            {
              "name": "man",
              "path": "/nix/store/bgyg97lsdbzwaad96krwh9z39h8rbn7r-just-1.39.0-man",
              "default": true
            },
            {
              "name": "doc",
              "path": "/nix/store/y739nrn1mmarhxsfq7brf1c9x28s0laq-just-1.39.0-doc"
            }
          ],
          "store_path": "/nix/store/blzi4k9jab89qd502pqd2vl5zihiv510-just-1.39.0"
        },
        "x86_64-linux": {
          "outputs": [
            {
              "name": "out",
              "path": "/nix/store/dp2kp0z4x2z07ms051ngf3pidwb7gzy7-just-1.39.0",
              "default": true
            },
            {
              "name": "man",
              "path": "/nix/store/raasy0ls098ahzvasirqbym9kqk2qghj-just-1.39.0-man",
              "default": true
            },
            {
              "name": "doc",
              "path": "/nix/store/rciv116xhgapwcas08r2y5jbcck5h1nz-just-1.39.0-doc"
            }
          ],
          "store_path": "/nix/store/dp2kp0z4x2z07ms051ngf3pidwb7gzy7-just-1.39.0"
        }
      }
    }
  }
}
